# This file was autogenerated by Stack.
# You should not edit this file by hand.
# For more information, please see the documentation at:
#   https://docs.haskellstack.org/en/stable/lock_files

packages:
- completed:
    hackage: GLUtil-0.10.4@sha256:48f76f9c9666e45062c2fc4146162ca69dc773c742e61e06d752ca05ca1754ba,3217
    pantry-tree:
      size: 1618
      sha256: 370a3e73ae8f35fd5c2913320b5d3a5f7170ae649177d207a6b7ed91534c1281
  original:
    hackage: GLUtil-0.10.4@sha256:48f76f9c9666e45062c2fc4146162ca69dc773c742e61e06d752ca05ca1754ba,3217
- completed:
    hackage: vinyl-0.12.2@sha256:cefc269fd137841861c13f28a3f20f5973ef24e9f1e6245b77b688f1cbd979de,3717
    pantry-tree:
      size: 1857
      sha256: 746367fcc06b7b1ffe5f55cc388df2daa3f5eb0f87b06f4e79582e3d16ef33a9
  original:
    hackage: vinyl-0.12.2@sha256:cefc269fd137841861c13f28a3f20f5973ef24e9f1e6245b77b688f1cbd979de,3717
- completed:
    hackage: vinyl-gl-0.3.4@sha256:44376b1a6b29db06bd06c96ffc9c026e432d90f0d88809c987a48cba4d36ce39,1748
    pantry-tree:
      size: 535
      sha256: ad4817580424c2772b99d2aaf6b03fe5f7ec6e937e462b298131c9b98e4d6827
  original:
    hackage: vinyl-gl-0.3.4@sha256:44376b1a6b29db06bd06c96ffc9c026e432d90f0d88809c987a48cba4d36ce39,1748
- completed:
    hackage: wavefront-0.7.1.4@sha256:0a1e4bc3de7a450c8da2c3b962ebc0b54acdeb9664e73cdd4649861740d96024,1999
    pantry-tree:
      size: 1026
      sha256: f76d53b34229a2b7ec084d8e0e7b86f86c2ae77a51d31954c8ffa62a055d57dc
  original:
    hackage: wavefront-0.7.1.4@sha256:0a1e4bc3de7a450c8da2c3b962ebc0b54acdeb9664e73cdd4649861740d96024,1999
snapshots:
- completed:
    size: 498024
    url: https://raw.githubusercontent.com/commercialhaskell/stackage-snapshots/master/nightly/2020/6/19.yaml
    sha256: e34917e6a8662a7fc8b9e3796de3fe7a771509907efe3ac53c4453d7cd4a57cd
  original: nightly-2020-06-19
