# This file was autogenerated by Stack.
# You should not edit this file by hand.
# For more information, please see the documentation at:
#   https://docs.haskellstack.org/en/stable/lock_files

packages:
- completed:
    hackage: GLUtil-0.10.4@sha256:48f76f9c9666e45062c2fc4146162ca69dc773c742e61e06d752ca05ca1754ba,3217
    pantry-tree:
      size: 1618
      sha256: 370a3e73ae8f35fd5c2913320b5d3a5f7170ae649177d207a6b7ed91534c1281
  original:
    hackage: GLUtil-0.10.4@sha256:48f76f9c9666e45062c2fc4146162ca69dc773c742e61e06d752ca05ca1754ba,3217
- completed:
    hackage: wavefront-0.7.1.4@sha256:0a1e4bc3de7a450c8da2c3b962ebc0b54acdeb9664e73cdd4649861740d96024,1999
    pantry-tree:
      size: 1026
      sha256: f76d53b34229a2b7ec084d8e0e7b86f86c2ae77a51d31954c8ffa62a055d57dc
  original:
    hackage: wavefront-0.7.1.4@sha256:0a1e4bc3de7a450c8da2c3b962ebc0b54acdeb9664e73cdd4649861740d96024,1999
- completed:
    hackage: constrained-categories-0.4.1.0@sha256:388757eb8ec34aca27feec47d84e0407ddae452984e7ede3bd62f3b37afead3f,3482
    pantry-tree:
      size: 1054
      sha256: 0747857df2bcc667534607a740b41ab3701cd6fc4c52f13254319a486c8de02c
  original:
    hackage: constrained-categories-0.4.1.0@sha256:388757eb8ec34aca27feec47d84e0407ddae452984e7ede3bd62f3b37afead3f,3482
- completed:
    hackage: row-types-1.0.1.0@sha256:62d274be07da06aafe2d94b58818234e89e53864d2f65956da2903784c0005a7,2865
    pantry-tree:
      size: 931
      sha256: 0982996f259a250f4524466af479a8ca90ff72b143a3b9095ace24b1c371c4d5
  original:
    hackage: row-types-1.0.1.0@sha256:62d274be07da06aafe2d94b58818234e89e53864d2f65956da2903784c0005a7,2865
- completed:
    hackage: vulkan-3.10@sha256:176e30e9f79b76b184ea5349bf83d419a329c942bba0d720fede43f948dbd29d,24500
    pantry-tree:
      size: 66921
      sha256: b7b0b2eea08d075af6739be07daadae2fe1fdbb69513a1b2dac4c284902180db
  original:
    hackage: vulkan-3.10
- completed:
    name: zorja
    version: 0.1.0.0
    git: https://github.com/Izzimach/zorja.git
    pantry-tree:
      size: 1756
      sha256: 557dc929e4a7fb382c13cfbca735537147a2cf4b3952e76cddb47bcc1ec5f9b2
    commit: ddf713c278bb44ef66ccf1327f5c9d3e9161120a
  original:
    git: https://github.com/Izzimach/zorja.git
    commit: ddf713c278bb44ef66ccf1327f5c9d3e9161120a
snapshots:
- completed:
    size: 585393
    url: https://raw.githubusercontent.com/commercialhaskell/stackage-snapshots/master/lts/18/0.yaml
    sha256: c632012da648385b9fa3c29f4e0afd56ead299f1c5528ee789058be410e883c0
  original: lts-18.0
